{
  "originHash" : "795a4ab730c2b7ac86010a28174f36e6ccfa1fe506c12830bf9e618a2f2ef207",
  "pins" : [
    {
      "identity" : "javascriptkit",
      "kind" : "remoteSourceControl",
      "location" : "https://github.com/swiftwasm/JavaScriptKit.git",
      "state" : {
        "revision" : "a069e3af73ab950220d054d2488120b8f54585cf",
        "version" : "0.36.0"
      }
    },
    {
      "identity" : "swift-syntax",
      "kind" : "remoteSourceControl",
      "location" : "https://github.com/swiftlang/swift-syntax",
      "state" : {
        "revision" : "f99ae8aa18f0cf0d53481901f88a0991dc3bd4a2",
        "version" : "601.0.1"
      }
    }
  ],
  "version" : 3
}
